Microsoft Visual Studio Solution File, Format Version 12.00
# Visual Studio Version 17
VisualStudioVersion = 17.5.2.0
MinimumVisualStudioVersion = 10.0.40219.1
Project("{FAE04EC0-301F-11D3-BF4B-00C04F79EFBC}") = "TSD2491-oblig1-031688", "TSD2491-oblig1-031688.csproj", "{F6886E58-7D68-4423-0558-07572515ECAC}"
EndProject
Global
	GlobalSection(SolutionConfigurationPlatforms) = preSolution
		Debug|Any CPU = Debug|Any CPU
		Release|Any CPU = Release|Any CPU
	EndGlobalSection
	GlobalSection(ProjectConfigurationPlatforms) = postSolution
		{F6886E58-7D68-4423-0558-07572515ECAC}.Debug|Any CPU.ActiveCfg = Debug|Any CPU
		{F6886E58-7D68-4423-0558-07572515ECAC}.Debug|Any CPU.Build.0 = Debug|Any CPU
		{F6886E58-7D68-4423-0558-07572515ECAC}.Release|Any CPU.ActiveCfg = Release|Any CPU
		{F6886E58-7D68-4423-0558-07572515ECAC}.Release|Any CPU.Build.0 = Release|Any CPU
	EndGlobalSection
	GlobalSection(SolutionProperties) = preSolution
		HideSolutionNode = FALSE
	EndGlobalSection
	GlobalSection(ExtensibilityGlobals) = postSolution
		SolutionGuid = {0BF6EFF8-2F35-4461-A34A-C98CB302501F}
	EndGlobalSection
EndGlobal
